{
  "name": "o4d-vercel-backend",
  "version": "1.0.0",
  "lockfileVersion": 3,
  "requires": true,
  "packages": {
    "": {
      "name": "o4d-vercel-backend",
      "version": "1.0.0",
      "dependencies": {
        "axios": "^1.6.8",
        "bcryptjs": "^2.4.3",
        "cookie": "^0.6.0",
        "google-auth-library": "^9.9.0",
        "jsonwebtoken": "^9.0.2"
      }
    },
    "node_modules/agent-base": {
      "version": "7.1.1",
      "resolved": "https://registry.npmjs.org/agent-base/-/agent-base-7.1.1.tgz",
      "integrity": "sha512-fe83/k+sTz3n8Xv3rCH4sYkkd72dJUI1o9kxa3U24J6YwLmM2xukCgot88+LnHk6jL/wViE1yV2zVlX4t2z96Q==",
      "dependencies": {
        "debug": "4"
      },
      "engines": {
        "node": ">= 14"
      }
    },
    "node_modules/asynckit": {
      "version": "0.4.0",
      "resolved": "https://registry.npmjs.org/asynckit/-/asynckit-0.4.0.tgz",
      "integrity": "sha512-Oei9OH4tRh0YqU3Gxh1uffZdsEAE8eOqjwDAGuax4H1SJedfA9IhxitvflbNeTcyCRrfzA8NOo4LAEBidrCX2A=="
    },
    "node_modules/axios": {
      "version": "1.6.8",
      "resolved": "https://registry.npmjs.org/axios/-/axios-1.6.8.tgz",
      "integrity": "sha512-Ul+cGFzNb/Cck0OOpO9sTscOKDAl+3/e5N1SC3bSo5+7H_KEL/d+l3E9ubXApNbj7+0Q22gFCc5sP/s/Gk9/uA==",
      "dependencies": {
        "follow-redirects": "^1.15.6",
        "form-data": "^4.0.0",
        "proxy-from-env": "^1.1.0"
      }
    },
    "node_modules/bcryptjs": {
      "version": "2.4.3",
      "resolved": "https://registry.npmjs.org/bcryptjs/-/bcryptjs-2.4.3.tgz",
      "integrity": "sha512-V/Hy/CKi2+iN34J/PEsD2Oz2w/i5O5QSHonLCS3pwezBexM1f2eS1e2a+4PjQnQO20+z4K4ss2Zp9dADh4f2w=="
    },
    "node_modules/buffer-equal-constant-time": {
      "version": "1.0.1",
      "resolved": "https://registry.npmjs.org/buffer-equal-constant-time/-/buffer-equal-constant-time-1.0.1.tgz",
      "integrity": "sha512-zRpUiBocfhCwza7aR7tDZ5eEw2d4323weR3iSzlfaWBx4a0v9cIeH2lTMRQp2w2a2+Ie62BlYSvjU+P2gQ1JbA=="
    },
    "node_modules/combined-stream": {
      "version": "1.0.8",
      "resolved": "https://registry.npmjs.org/combined-stream/-/combined-stream-1.0.8.tgz",
      "integrity": "sha512-FQN4MRfuJeHf7cBbBMJFXadoyevKssMqwPA+XT6RnHsfP9IWevVosA+djYOkJ4inczaxEy4HHy2AJpipjAwNFQ==",
      "dependencies": {
        "delayed-stream": "~1.0.0"
      },
      "engines": {
        "node": ">= 0.8"
      }
    },
    "node_modules/cookie": {
      "version": "0.6.0",
      "resolved": "https://registry.npmjs.org/cookie/-/cookie-0.6.0.tgz",
      "integrity": "sha512-s6J0m+TM2iOUa/i+t31+TM5G2aKAP1cb3d_3iNEdvHAaXBCs9sL05E3L123Gg2qvi4L/Y3g4sERa2L6+2LSK4w==",
      "engines": {
        "node": ">= 0.6"
      }
    },
    "node_modules/debug": {
      "version": "4.3.4",
      "resolved": "https://registry.npmjs.org/debug/-/debug-4.3.4.tgz",
      "integrity": "sha512-PR1b4ofeJZFkLJHELOrvOeCYUr1nKHq4JB9Lkgab7Kme9iBe2P7LPgW5U0eA2TlaJulYFscf9Clt6p90P6eC7Q==",
      "dependencies": {
        "ms": "2.1.2"
      },
      "engines": {
        "node": ">=6.0"
      },
      "peerDependenciesMeta": {
        "supports-color": {
          "optional": true
        }
      }
    },
    "node_modules/delayed-stream": {
      "version": "1.0.0",
      "resolved": "https://registry.npmjs.org/delayed-stream/-/delayed-stream-1.0.0.tgz",
      "integrity": "sha512-ZySD7Nf91aLB0RxL4KBTkBn/JgtMn5zLbiOV8WMe7PDV4gevMVgyupF345kVzCdx2eLBHJn1TPAWGub9KIaKbw==",
      "engines": {
        "node": ">=0.4.0"
      }
    },
    "node_modules/ecdsa-sig-formatter": {
      "version": "1.0.11",
      "resolved": "https://registry.npmjs.org/ecdsa-sig-formatter/-/ecdsa-sig-formatter-1.0.11.tgz",
      "integrity": "sha512-ncr3Icf2I0F6I+5antI4G2HAsKv1s2glLg9T2mKAfUu2T11a5kckax3nK3L/q53m4aGf1y2x1p2iB3n2i/sVPA==",
      "dependencies": {
        "safe-buffer": "^5.0.1"
      }
    },
    "node_modules/follow-redirects": {
      "version": "1.15.6",
      "resolved": "https://registry.npmjs.org/follow-redirects/-/follow-redirects-1.15.6.tgz",
      "integrity": "sha512-w9KIuae3dj6R41oM82f6b19S0/SttmL+sKCxIuMCfq7dp2axdJIySj66unoNdMWb+mDlfGyLGwLdwC6sEGDS2A==",
      "funding": [
        {
          "type": "individual",
          "url": "https://github.com/sponsors/RubenVerborgh"
        }
      ],
      "engines": {
        "node": ">=4.0"
      },
      "peerDependenciesMeta": {
        "debug": {
          "optional": true
        }
      }
    },
    "node_modules/form-data": {
      "version": "4.0.0",
      "resolved": "https://registry.npmjs.org/form-data/-/form-data-4.0.0.tgz",
      "integrity": "sha512-ETEklSGi5t0QMZuiXoA/Q6CymNzNEbAeaexpectnbbImgi+5o/2GvWtlIWxYEo1aK1calGvuEVRrY9gykr8Cm_Cw==",
      "dependencies": {
        "asynckit": "^0.4.0",
        "combined-stream": "^1.0.8",
        "mime-types": "^2.1.12"
      },
      "engines": {
        "node": ">= 6"
      }
    },
    "node_modules/gaxios": {
      "version": "6.6.0",
      "resolved": "https://registry.npmjs.org/gaxios/-/gaxios-6.6.0.tgz",
      "integrity": "sha512-iR0fCbuiD/h7n1g+i6aMHNIZ7SPH1s0aL5qYd2YIUkK2aW5oGlL3pUHvVBvJd4cCh4z1b44zI0Y0jUv3dtVl9A==",
      "dependencies": {
        "gcp-metadata": "^6.0.0",
        "https-proxy-agent": "^7.0.4",
        "is-stream": "^2.0.1"
      },
      "engines": {
        "node": ">=14"
      }
    },
    "node_modules/gcp-metadata": {
      "version": "6.1.0",
      "resolved": "https://registry.npmjs.org/gcp-metadata/-/gcp-metadata-6.1.0.tgz",
      "integrity": "sha512-XlXkzS2s34tP26XyXySjSIY2W4Z5JHe06eR9yHACA5DB8B95dG/YjTjzuWd8TQD+iCAsx0i4iG8K2a5tCj2eTA==",
      "dependencies": {
        "gaxios": "^6.1.0"
      },
      "engines": {
        "node": ">=14"
      }
    },
    "node_modules/google-auth-library": {
      "version": "9.9.0",
      "resolved": "https://registry.npmjs.org/google-auth-library/-/google-auth-library-9.9.0.tgz",
      "integrity": "sha512-fefFCd3/yGUljcFrp/QxH8Xn6hYwWho5qOAb0s+e85V91AGkHxqHk2a2LCL0Qh6vTmafNcbWODs4v2wD+8m/MA==",
      "dependencies": {
        "gaxios": "^6.6.0",
        "gcp-metadata": "^6.1.0",
        "google-p12-pem": "^4.0.0",
        "jws": "^4.0.0",
        "object-assign": "^4.1.1",
        "pem-jwk": "^2.0.0"
      },
      "engines": {
        "node": ">=14.0.0"
      }
    },
    "node_modules/google-p12-pem": {
      "version": "4.0.0",
      "resolved": "https://registry.npmjs.org/google-p12-pem/-/google-p12-pem-4.0.0.tgz",
      "integrity": "sha512-n2z+pYG+s4T2r9ibH0ych6y+3+48YKqB3Fm6jWd2BqLpL61p4YYrB57g5+Qeyqf2aE2FoDQn76G0V3nB/i/aw==",
      "dependencies": {
        "node-forge": "1.3.1"
      },
      "engines": {
        "node": ">=14"
      }
    },
    "node_modules/https-proxy-agent": {
      "version": "7.0.4",
      "resolved": "https://registry.npmjs.org/https-proxy-agent/-/https-proxy-agent-7.0.4.tgz",
      "integrity": "sha512-j2bC3HyY1e+a2O46+4i2MTx98m6Abj4AcJweThSCp+o+2QJmyD26nps0fDqcrQeD25YyA3lXir3gIqOKuFpWlg==",
      "dependencies": {
        "agent-base": "^7.1.1"
      },
      "engines": {
        "node": ">= 14"
      }
    },
    "node_modules/is-stream": {
      "version": "2.0.1",
      "resolved": "https://registry.npmjs.org/is-stream/-/is-stream-2.0.1.tgz",
      "integrity": "sha512-h3FDUi8C96s4Ums+27c19O+vKlXmnlcM3mVFAt+S1wzVRAKyz269eW2n1eKqC896fMP55aC8IJr8KxGCH2gO6g==",
      "engines": {
        "node": ">=8"
      },
      "funding": {
        "url": "https://github.com/sponsors/sindresorhus"
      }
    },
    "node_modules/jwa": {
      "version": "2.0.0",
      "resolved": "https://registry.npmjs.org/jwa/-/jwa-2.0.0.tgz",
      "integrity": "sha512-Oa4v2p2S9hSL3m0Vv5Xv9eay0281l8yyK6gJgM2hD2FwNTPp2xXn2WpW1p0ECvTfmPzNtrWtK/y0s2dD5TwlQ==",
      "dependencies": {
        "buffer-equal-constant-time": "1.0.1",
        "ecdsa-sig-formatter": "1.0.11",
        "safe-buffer": "^5.0.1"
      }
    },
    "node_modules/jsonwebtoken": {
      "version": "9.0.2",
      "resolved": "https://registry.npmjs.org/jsonwebtoken/-/jsonwebtoken-9.0.2.tgz",
      "integrity": "sha512-girSOVRedJ0/sQCjretJPAlUXpBfTQG+MIlG2OECvDmedj513i8aTAYTXb6l94EdL3pxso1AwzMG0vlH5p+q/A==",
      "dependencies": {
        "jws": "^3.2.2",
        "ms": "^2.1.3",
        "semver": "^7.5.4"
      },
      "engines": {
        "node": ">=12",
        "npm": ">=6"
      }
    },
    "node_modules/jws": {
      "version": "4.0.0",
      "resolved": "https://registry.npmjs.org/jws/-/jws-4.0.0.tgz",
      "integrity": "sha512-0I5Kk6Nf3Y2X0kLuP+v21sO9N0l3o4o7VqKOdmZgJFz3n13d2n5XbACuPpH7Nrr9jG+4HfgA45y0/dJSooA3VQ==",
      "dependencies": {
        "jwa": "^2.0.0",
        "safe-buffer": "^5.0.1"
      }
    },
    "node_modules/jsonwebtoken/node_modules/jws": {
      "version": "3.2.2",
      "resolved": "https://registry.npmjs.org/jws/-/jws-3.2.2.tgz",
      "integrity": "sha512-YHl3iMi68s1tLo6i2jYMu4e5cmGz6i0k/167pKR4yT2xnoWj/5HIrNFFqcactOT2g8cT/pYyUaDwuQW+iK5Gpw==",
      "dependencies": {
        "jwa": "^1.4.1",
        "safe-buffer": "^5.0.1"
      }
    },
    "node_modules/jsonwebtoken/node_modules/jwa": {
      "version": "1.4.1",
      "resolved": "https://registry.npmjs.org/jwa/-/jwa-1.4.1.tgz",
      "integrity": "sha512-qi+5a2REpG2+pLT2gVn2m2Yga1Lmw5Av2a0s94T2Xw/6nCFVn0pCA5N2pmeb9Ie/KAPVUXQnCh/sQn+hEwH3wA==",
      "dependencies": {
        "buffer-equal-constant-time": "1.0.1",
        "ecdsa-sig-formatter": "1.0.11",
        "safe-buffer": "^5.0.1"
      }
    },
    "node_modules/lru-cache": {
      "version": "7.18.3",
      "resolved": "https://registry.npmjs.org/lru-cache/-/lru-cache-7.18.3.tgz",
      "integrity": "sha512-jumlc0BIUrS3qJGgIkWZsyfAM7NCWiBcCDhnd9DENEVQ5h2K0mGDjkLRMAwhnxH2X5VIvKnF8gJmJF5ItcKoWA==",
      "engines": {
        "node": ">=12"
      }
    },
    "node_modules/mime-db": {
      "version": "1.52.0",
      "resolved": "https://registry.npmjs.org/mime-db/-/mime-db-1.52.0.tgz",
      "integrity": "sha512-sPU4uV7dYlAPeJxliKz3RTiL+e7gAb1a1uCsZMachcjTCpcFRIVeA2VRhrQMAwAGMfiQOmYQGVuaCX8Q+9hTAg==",
      "engines": {
        "node": ">= 0.6"
      }
    },
    "node_modules/mime-types": {
      "version": "2.1.35",
      "resolved": "https://registry.npmjs.org/mime-types/-/mime-types-2.1.35.tgz",
      "integrity": "sha512-ZDY+bPm5zTTF+YpCrAU9nK0UgICYPT0QtT1NZWFx4sfsTNOrdNTw4vyUiiDwMoF/OAkDO4OMPabsolNSSMjpew==",
      "dependencies": {
        "mime-db": "1.52.0"
      },
      "engines": {
        "node": ">= 0.6"
      }
    },
    "node_modules/ms": {
      "version": "2.1.3",
      "resolved": "https://registry.npmjs.org/ms/-/ms-2.1.3.tgz",
      "integrity": "sha512-6FlkAZqOyDfQlhvyzkl5PJofbMAaJQ9v1YkhpLPabc/bMrnZWfnS7/zB3BwelKlpdKVa/ShA2Nu9P+HHE84VoQ=="
    },
    "node_modules/ms/package.json": {
      "version": "2.1.2",
      "resolved": "https://registry.npmjs.org/ms/-/ms-2.1.2.tgz",
      "integrity": "sha512-sGkPx+VjMtmA6MX27oA4FBFELFCZZ4S4XqeGOXCv68tT+jb3vk/RyaKWP0PTKyWtmLSM0b+adUTEvbs1PEAxBg=="
    },
    "node_modules/node-forge": {
      "version": "1.3.1",
      "resolved": "https://registry.npmjs.org/node-forge/-/node-forge-1.3.1.tgz",
      "integrity": "sha512-dPEtOeMvF9VMkEIK3paQ+xswRUbQn03VvD25Sj7eQc32W6VIOUT4gda0TjP1sKagp3L2p1k9XbQ2hIsxKhVE3A==",
      "engines": {
        "node": ">= 6.13.0"
      }
    },
    "node_modules/object-assign": {
      "version": "4.1.1",
      "resolved": "https://registry.npmjs.org/object-assign/-/object-assign-4.1.1.tgz",
      "integrity": "sha512-rJgTQnkUnH1sFw8yT6VSU3zD3sW2t62DzoB7TeGryy7GjGyx+2pkvqkrNYB12KnKjlDOHKjB4Qd2gXpw7/91sw==",
      "engines": {
        "node": ">=0.10.0"
      }
    },
    "node_modules/pem-jwk": {
      "version": "2.0.0",
      "resolved": "https://registry.npmjs.org/pem-jwk/-/pem-jwk-2.0.0.tgz",
      "integrity": "sha512-Y1Awi3c/2fL5M3lC30oHl2AMfjeYL+vI0d2x2YqQ4Yd7o4Qx1z//iU0YbbUh3iL/7GrKmkH2s+z1A8I5d4F4mA=="
    },
    "node_modules/proxy-from-env": {
      "version": "1.1.0",
      "resolved": "https://registry.npmjs.org/proxy-from-env/-/proxy-from-env-1.1.0.tgz",
      "integrity": "sha512-D+zkORCbA9f1tdBIrXPyWIOpL9G6UypvkEkcfEuE95C/DVmecmS3LPqIaFr8k5BLEsItGgXXCAnIzmdOVbYzaQ=="
    },
    "node_modules/safe-buffer": {
      "version": "5.2.1",
      "resolved": "https://registry.npmjs.org/safe-buffer/-/safe-buffer-5.2.1.tgz",
      "integrity": "sha512-rp3So07KytLGKbI2SuDxmthU1rDcFmb8NPyBe3OWyk9yscvbNq3C49sb sancZ0Bnpkos5TR7S5KieyeTxzAEeA==",
      "funding": [
        {
          "type": "github",
          "url": "https://github.com/sponsors/feross"
        },
        {
          "type": "patreon",
          "url": "https://www.patreon.com/feross"
        },
        {
          "type": "consulting",
          "url": "https://feross.org/support"
        }
      ]
    },
    "node_modules/semver": {
      "version": "7.5.4",
      "resolved": "https://registry.npmjs.org/semver/-/semver-7.5.4.tgz",
      "integrity": "sha512-1bCSESV6Pv+i21Hvpxp3I+lF9rJuNuI3C6od+pwL22Gy8aG3M1y7vK2vRMJSmL0iKSYxS9kgGGrFj8qIq5ikxQ==",
      "dependencies": {
        "lru-cache": "^6.0.0"
      },
      "bin": {
        "semver": "bin/semver.js"
      },
      "engines": {
        "node": ">=10"
      },
      "funding": {
        "url": "https://github.com/sponsors/isaacs"
      }
    },
    "node_modules/semver/node_modules/lru-cache": {
      "version": "6.0.0",
      "resolved": "https://registry.npmjs.org/lru-cache/-/lru-cache-6.0.0.tgz",
      "integrity": "sha512-Jo6dJ04CmSjuznwJSS3pUeWmd/H0ffTlkXXgwne+Ek13fVF55+9cCC6DihUt/0o9dEpsizCazLUxs2Nlp2HisQ==",
      "dependencies": {
        "yallist": "^4.0.0"
      },
      "engines": {
        "node": ">=10"
      }
    },
    "node_modules/yallist": {
      "version": "4.0.0",
      "resolved": "https://registry.npmjs.org/yallist/-/yallist-4.0.0.tgz",
      "integrity": "sha512-3wdGidZyq5PAVfl+ënmm7q7Kkll5soD1PgsjsEgczyUoK+vE+TrsR1yoA5z5dyDe4clab9n4bn5LICENSE",
      "funding": {
        "url": "https://github.com/sponsors/isaacs"
      }
    }
  }
}